
Microsoft Visual Studio Solution File, Format Version 12.00
# Visual Studio Version 16
VisualStudioVersion = 16.0.29209.62
MinimumVisualStudioVersion = 10.0.40219.1
Project("{8BC9CEB8-8B4A-11D0-8D11-00A0C91BC942}") = "Chicken Invaders", "Chicken Invaders\Chicken Invaders.vcxproj", "{9780B7BC-3626-4C94-8B85-F6084EC32817}"
EndProject
Project("{8BC9CEB8-8B4A-11D0-8D11-00A0C91BC942}") = "Logging", "Logging\Logging.vcxproj", "{7A047540-67EB-4585-ADD0-B4441C09CC09}"
EndProject
Project("{8BC9CEB8-8B4A-11D0-8D11-00A0C91BC942}") = "ChickenInvadersTest", "ChickenInvadersTest\ChickenInvadersTest.vcxproj", "{FCD22411-82CE-4AFE-9551-95AE149C1028}"
EndProject
Global
	GlobalSection(SolutionConfigurationPlatforms) = preSolution
		Debug|x64 = Debug|x64
		Debug|x86 = Debug|x86
		Release|x64 = Release|x64
		Release|x86 = Release|x86
	EndGlobalSection
	GlobalSection(ProjectConfigurationPlatforms) = postSolution
		{9780B7BC-3626-4C94-8B85-F6084EC32817}.Debug|x64.ActiveCfg = Debug|x64
		{9780B7BC-3626-4C94-8B85-F6084EC32817}.Debug|x64.Build.0 = Debug|x64
		{9780B7BC-3626-4C94-8B85-F6084EC32817}.Debug|x86.ActiveCfg = Debug|Win32
		{9780B7BC-3626-4C94-8B85-F6084EC32817}.Debug|x86.Build.0 = Debug|Win32
		{9780B7BC-3626-4C94-8B85-F6084EC32817}.Release|x64.ActiveCfg = Release|x64
		{9780B7BC-3626-4C94-8B85-F6084EC32817}.Release|x64.Build.0 = Release|x64
		{9780B7BC-3626-4C94-8B85-F6084EC32817}.Release|x86.ActiveCfg = Release|Win32
		{9780B7BC-3626-4C94-8B85-F6084EC32817}.Release|x86.Build.0 = Release|Win32
		{7A047540-67EB-4585-ADD0-B4441C09CC09}.Debug|x64.ActiveCfg = Debug|x64
		{7A047540-67EB-4585-ADD0-B4441C09CC09}.Debug|x64.Build.0 = Debug|x64
		{7A047540-67EB-4585-ADD0-B4441C09CC09}.Debug|x86.ActiveCfg = Debug|Win32
		{7A047540-67EB-4585-ADD0-B4441C09CC09}.Debug|x86.Build.0 = Debug|Win32
		{7A047540-67EB-4585-ADD0-B4441C09CC09}.Release|x64.ActiveCfg = Release|x64
		{7A047540-67EB-4585-ADD0-B4441C09CC09}.Release|x64.Build.0 = Release|x64
		{7A047540-67EB-4585-ADD0-B4441C09CC09}.Release|x86.ActiveCfg = Release|Win32
		{7A047540-67EB-4585-ADD0-B4441C09CC09}.Release|x86.Build.0 = Release|Win32
		{FCD22411-82CE-4AFE-9551-95AE149C1028}.Debug|x64.ActiveCfg = Debug|x64
		{FCD22411-82CE-4AFE-9551-95AE149C1028}.Debug|x64.Build.0 = Debug|x64
		{FCD22411-82CE-4AFE-9551-95AE149C1028}.Debug|x86.ActiveCfg = Debug|Win32
		{FCD22411-82CE-4AFE-9551-95AE149C1028}.Debug|x86.Build.0 = Debug|Win32
		{FCD22411-82CE-4AFE-9551-95AE149C1028}.Release|x64.ActiveCfg = Release|x64
		{FCD22411-82CE-4AFE-9551-95AE149C1028}.Release|x64.Build.0 = Release|x64
		{FCD22411-82CE-4AFE-9551-95AE149C1028}.Release|x86.ActiveCfg = Release|Win32
		{FCD22411-82CE-4AFE-9551-95AE149C1028}.Release|x86.Build.0 = Release|Win32
	EndGlobalSection
	GlobalSection(SolutionProperties) = preSolution
		HideSolutionNode = FALSE
	EndGlobalSection
	GlobalSection(ExtensibilityGlobals) = postSolution
		SolutionGuid = {2AF11B64-82A9-4433-9704-C9A98EBD471B}
	EndGlobalSection
EndGlobal
