<?xml version="1.0" encoding="utf-8"?>
<Project ToolsVersion="4.0" xmlns="http://schemas.microsoft.com/developer/msbuild/2003">
  <ItemGroup>
    <Filter Include="Source Files">
      <UniqueIdentifier>{4FC737F1-C7A5-4376-A066-2A32D752A2FF}</UniqueIdentifier>
      <Extensions>cpp;c;cc;cxx;def;odl;idl;hpj;bat;asm;asmx</Extensions>
    </Filter>
    <Filter Include="Header Files">
      <UniqueIdentifier>{93995380-89BD-4b04-88EB-625FBE52EBFB}</UniqueIdentifier>
      <Extensions>h;hh;hpp;hxx;hm;inl;inc;ipp;xsd</Extensions>
    </Filter>
    <Filter Include="Resource Files">
      <UniqueIdentifier>{67DA6AB6-F800-4c08-8B7A-83BB121AAD01}</UniqueIdentifier>
      <Extensions>rc;ico;cur;bmp;dlg;rc2;rct;bin;rgs;gif;jpg;jpeg;jpe;resx;tiff;tif;png;wav;mfcribbon-ms</Extensions>
    </Filter>
    <Filter Include="States">
      <UniqueIdentifier>{2daf2262-dba8-4149-ad2f-1b9ac70cfa2c}</UniqueIdentifier>
    </Filter>
    <Filter Include="Entities">
      <UniqueIdentifier>{8d411bb2-43c4-404f-aa24-ee44c5fa5582}</UniqueIdentifier>
    </Filter>
    <Filter Include="Networking">
      <UniqueIdentifier>{c6c8af99-d136-4373-adb4-2dbe1e1a7b87}</UniqueIdentifier>
    </Filter>
    <Filter Include="Wave Logic">
      <UniqueIdentifier>{515916fc-6da1-46e4-a929-0cbb0d3f1ba3}</UniqueIdentifier>
    </Filter>
    <Filter Include="GUI">
      <UniqueIdentifier>{570187ca-0a9f-4d9d-9dae-2e732715f5cc}</UniqueIdentifier>
    </Filter>
    <Filter Include="Artificial Intelligence">
      <UniqueIdentifier>{c9e3e314-6ee8-4142-988f-95dad174038f}</UniqueIdentifier>
    </Filter>
    <Filter Include="Weapons">
      <UniqueIdentifier>{8d19abe0-338b-4fb0-a330-e65da6d6f223}</UniqueIdentifier>
    </Filter>
  </ItemGroup>
  <ItemGroup>
    <ClCompile Include="Main.cpp">
      <Filter>Source Files</Filter>
    </ClCompile>
    <ClCompile Include="Animation.cpp">
      <Filter>Source Files</Filter>
    </ClCompile>
    <ClCompile Include="Game.cpp">
      <Filter>Source Files</Filter>
    </ClCompile>
    <ClCompile Include="Logger.cpp">
      <Filter>Source Files</Filter>
    </ClCompile>
    <ClCompile Include="Score.cpp">
      <Filter>Source Files</Filter>
    </ClCompile>
    <ClCompile Include="HighScoreBoard.cpp">
      <Filter>Source Files</Filter>
    </ClCompile>
    <ClCompile Include="State.cpp">
      <Filter>States</Filter>
    </ClCompile>
    <ClCompile Include="GameState.cpp">
      <Filter>States</Filter>
    </ClCompile>
    <ClCompile Include="MainMenuState.cpp">
      <Filter>States</Filter>
    </ClCompile>
    <ClCompile Include="Enemy.cpp">
      <Filter>Entities</Filter>
    </ClCompile>
    <ClCompile Include="Entity.cpp">
      <Filter>Entities</Filter>
    </ClCompile>
    <ClCompile Include="Player.cpp">
      <Filter>Entities</Filter>
    </ClCompile>
    <ClCompile Include="Projectile.cpp">
      <Filter>Entities</Filter>
    </ClCompile>
    <ClCompile Include="LeaderBoardState.cpp">
      <Filter>States</Filter>
    </ClCompile>
    <ClCompile Include="Wave.cpp">
      <Filter>Wave Logic</Filter>
    </ClCompile>
    <ClCompile Include="Level.cpp">
      <Filter>Wave Logic</Filter>
    </ClCompile>
    <ClCompile Include="PauseMenu.cpp">
      <Filter>GUI</Filter>
    </ClCompile>
    <ClCompile Include="SettingsState.cpp">
      <Filter>States</Filter>
    </ClCompile>
    <ClCompile Include="Button.cpp">
      <Filter>GUI</Filter>
    </ClCompile>
    <ClCompile Include="DropDownList.cpp">
      <Filter>GUI</Filter>
    </ClCompile>
    <ClCompile Include="PowerUp.cpp">
      <Filter>Entities</Filter>
    </ClCompile>
    <ClCompile Include="AudioCache.cpp">
      <Filter>Resource Files</Filter>
    </ClCompile>
    <ClCompile Include="TextureCache.cpp">
      <Filter>Resource Files</Filter>
    </ClCompile>
    <ClCompile Include="GraphicsSettings.cpp">
      <Filter>Source Files</Filter>
    </ClCompile>
    <ClCompile Include="Network.cpp">
      <Filter>Networking</Filter>
    </ClCompile>
    <ClCompile Include="PreGameState.cpp">
      <Filter>States</Filter>
    </ClCompile>
    <ClCompile Include="Statistics.cpp">
      <Filter>Source Files</Filter>
    </ClCompile>
    <ClCompile Include="StatisticsState.cpp">
      <Filter>States</Filter>
    </ClCompile>
    <ClCompile Include="PlayerGUI.cpp">
      <Filter>GUI</Filter>
    </ClCompile>
    <ClCompile Include="MultiplayerState.cpp">
      <Filter>States</Filter>
    </ClCompile>
    <ClCompile Include="LevelManager.cpp">
      <Filter>Wave Logic</Filter>
    </ClCompile>
    <ClCompile Include="SmartMove.cpp">
      <Filter>Artificial Intelligence</Filter>
    </ClCompile>
    <ClCompile Include="CreditsState.cpp">
      <Filter>States</Filter>
    </ClCompile>
    <ClCompile Include="Gui.cpp">
      <Filter>GUI</Filter>
    </ClCompile>
    <ClCompile Include="ProgressBar.cpp">
      <Filter>GUI</Filter>
    </ClCompile>
    <ClCompile Include="AchievementsState.cpp">
      <Filter>States</Filter>
    </ClCompile>
    <ClCompile Include="CustomizationState.cpp">
      <Filter>States</Filter>
    </ClCompile>
    <ClCompile Include="ChooseDifficultyState.cpp">
      <Filter>States</Filter>
    </ClCompile>
    <ClCompile Include="GameDifficulty.cpp">
      <Filter>Source Files</Filter>
    </ClCompile>
    <ClCompile Include="LaserGun.cpp">
      <Filter>Weapons</Filter>
    </ClCompile>
    <ClCompile Include="PulseGun.cpp">
      <Filter>Weapons</Filter>
    </ClCompile>
    <ClCompile Include="Weapon.cpp">
      <Filter>Weapons</Filter>
    </ClCompile>
    <ClCompile Include="NeutronGun.cpp">
      <Filter>Weapons</Filter>
    </ClCompile>
    <ClCompile Include="PlasmaGun.cpp">
      <Filter>Weapons</Filter>
    </ClCompile>
    <ClCompile Include="UtensilGun.cpp">
      <Filter>Weapons</Filter>
    </ClCompile>
    <ClCompile Include="Engine.cpp">
      <Filter>Entities</Filter>
    </ClCompile>
    <ClCompile Include="SmartAssistant.cpp">
      <Filter>Artificial Intelligence</Filter>
    </ClCompile>
    <ClCompile Include="EggGun.cpp">
      <Filter>Weapons</Filter>
    </ClCompile>
    <ClCompile Include="HyperGun.cpp">
      <Filter>Weapons</Filter>
    </ClCompile>
    <ClCompile Include="IntroState.cpp">
      <Filter>States</Filter>
    </ClCompile>
  </ItemGroup>
  <ItemGroup>
    <ClInclude Include="Animation.h">
      <Filter>Header Files</Filter>
    </ClInclude>
    <ClInclude Include="Game.h">
      <Filter>Header Files</Filter>
    </ClInclude>
    <ClInclude Include="Logger.h">
      <Filter>Header Files</Filter>
    </ClInclude>
    <ClInclude Include="Score.h">
      <Filter>Header Files</Filter>
    </ClInclude>
    <ClInclude Include="HighScoreBoard.h">
      <Filter>Header Files</Filter>
    </ClInclude>
    <ClInclude Include="State.h">
      <Filter>States</Filter>
    </ClInclude>
    <ClInclude Include="GameState.h">
      <Filter>States</Filter>
    </ClInclude>
    <ClInclude Include="MainMenuState.h">
      <Filter>States</Filter>
    </ClInclude>
    <ClInclude Include="Enemy.h">
      <Filter>Entities</Filter>
    </ClInclude>
    <ClInclude Include="Entity.h">
      <Filter>Entities</Filter>
    </ClInclude>
    <ClInclude Include="Player.h">
      <Filter>Entities</Filter>
    </ClInclude>
    <ClInclude Include="Projectile.h">
      <Filter>Entities</Filter>
    </ClInclude>
    <ClInclude Include="LeaderBoardState.h">
      <Filter>States</Filter>
    </ClInclude>
    <ClInclude Include="Wave.h">
      <Filter>Wave Logic</Filter>
    </ClInclude>
    <ClInclude Include="Level.h">
      <Filter>Wave Logic</Filter>
    </ClInclude>
    <ClInclude Include="PauseMenu.h">
      <Filter>GUI</Filter>
    </ClInclude>
    <ClInclude Include="SettingsState.h">
      <Filter>States</Filter>
    </ClInclude>
    <ClInclude Include="Button.h">
      <Filter>GUI</Filter>
    </ClInclude>
    <ClInclude Include="DropDownList.h">
      <Filter>GUI</Filter>
    </ClInclude>
    <ClInclude Include="PowerUp.h">
      <Filter>Entities</Filter>
    </ClInclude>
    <ClInclude Include="AudioCache.h">
      <Filter>Resource Files</Filter>
    </ClInclude>
    <ClInclude Include="TextureCache.h">
      <Filter>Resource Files</Filter>
    </ClInclude>
    <ClInclude Include="Timer.h">
      <Filter>Header Files</Filter>
    </ClInclude>
    <ClInclude Include="GraphicsSettings.h">
      <Filter>Header Files</Filter>
    </ClInclude>
    <ClInclude Include="Network.h">
      <Filter>Networking</Filter>
    </ClInclude>
    <ClInclude Include="PreGameState.h">
      <Filter>States</Filter>
    </ClInclude>
    <ClInclude Include="Statistics.h">
      <Filter>Header Files</Filter>
    </ClInclude>
    <ClInclude Include="StatisticsState.h">
      <Filter>States</Filter>
    </ClInclude>
    <ClInclude Include="PlayerGUI.h">
      <Filter>GUI</Filter>
    </ClInclude>
    <ClInclude Include="MultiplayerState.h">
      <Filter>States</Filter>
    </ClInclude>
    <ClInclude Include="LevelManager.h">
      <Filter>Wave Logic</Filter>
    </ClInclude>
    <ClInclude Include="SmartMove.h">
      <Filter>Artificial Intelligence</Filter>
    </ClInclude>
    <ClInclude Include="CreditsState.h">
      <Filter>States</Filter>
    </ClInclude>
    <ClInclude Include="Gui.h">
      <Filter>GUI</Filter>
    </ClInclude>
    <ClInclude Include="ProgressBar.h">
      <Filter>GUI</Filter>
    </ClInclude>
    <ClInclude Include="AchievementsState.h">
      <Filter>States</Filter>
    </ClInclude>
    <ClInclude Include="CustomizationState.h">
      <Filter>States</Filter>
    </ClInclude>
    <ClInclude Include="ChooseDifficultyState.h">
      <Filter>States</Filter>
    </ClInclude>
    <ClInclude Include="GameDifficulty.h">
      <Filter>Header Files</Filter>
    </ClInclude>
    <ClInclude Include="LaserGun.h">
      <Filter>Weapons</Filter>
    </ClInclude>
    <ClInclude Include="PulseGun.h">
      <Filter>Weapons</Filter>
    </ClInclude>
    <ClInclude Include="Weapon.h">
      <Filter>Weapons</Filter>
    </ClInclude>
    <ClInclude Include="NeutronGun.h">
      <Filter>Weapons</Filter>
    </ClInclude>
    <ClInclude Include="PlasmaGun.h">
      <Filter>Weapons</Filter>
    </ClInclude>
    <ClInclude Include="UtensilGun.h">
      <Filter>Weapons</Filter>
    </ClInclude>
    <ClInclude Include="Engine.h">
      <Filter>Entities</Filter>
    </ClInclude>
    <ClInclude Include="SmartAssistant.h">
      <Filter>Artificial Intelligence</Filter>
    </ClInclude>
    <ClInclude Include="EggGun.h">
      <Filter>Weapons</Filter>
    </ClInclude>
    <ClInclude Include="HyperGun.h">
      <Filter>Weapons</Filter>
    </ClInclude>
    <ClInclude Include="IntroState.h">
      <Filter>States</Filter>
    </ClInclude>
  </ItemGroup>
  <ItemGroup>
    <Text Include="loadt.txt">
      <Filter>Resource Files</Filter>
    </Text>
    <Text Include="loada.txt">
      <Filter>Resource Files</Filter>
    </Text>
  </ItemGroup>
</Project>